
Microsoft Visual Studio Solution File, Format Version 12.00
# Visual Studio Version 16
VisualStudioVersion = 16.0.31515.178
MinimumVisualStudioVersion = 10.0.40219.1
Project("{888888A0-9F3D-457C-B088-3A5042F75D52}") = "Week1Lab1", "Week1Lab1.pyproj", "{AF742369-2B5D-4E82-91B0-E28D31A15B29}"
EndProject
Global
	GlobalSection(SolutionConfigurationPlatforms) = preSolution
		Debug|Any CPU = Debug|Any CPU
		Release|Any CPU = Release|Any CPU
	EndGlobalSection
	GlobalSection(ProjectConfigurationPlatforms) = postSolution
		{AF742369-2B5D-4E82-91B0-E28D31A15B29}.Debug|Any CPU.ActiveCfg = Debug|Any CPU
		{AF742369-2B5D-4E82-91B0-E28D31A15B29}.Release|Any CPU.ActiveCfg = Release|Any CPU
	EndGlobalSection
	GlobalSection(SolutionProperties) = preSolution
		HideSolutionNode = FALSE
	EndGlobalSection
	GlobalSection(ExtensibilityGlobals) = postSolution
		SolutionGuid = {D4AEDD40-21B4-4BB9-97F8-59B8BC22CA7E}
	EndGlobalSection
EndGlobal
